// !$*UTF8*$!
{
	archiveVersion = 1;
	classes = {
	};
	objectVersion = 56;
	objects = {

/* Begin PBXBuildFile section */
		AB29B9AB2B6FD86300BB7119 /* AutoPlayVideoListApp.swift in Sources */ = {isa = PBXBuildFile; fileRef = AB29B9AA2B6FD86300BB7119 /* AutoPlayVideoListApp.swift */; };
		AB29B9AD2B6FD86300BB7119 /* ContentView.swift in Sources */ = {isa = PBXBuildFile; fileRef = AB29B9AC2B6FD86300BB7119 /* ContentView.swift */; };
		AB29B9AF2B6FD86500BB7119 /* Assets.xcassets in Resources */ = {isa = PBXBuildFile; fileRef = AB29B9AE2B6FD86500BB7119 /* Assets.xcassets */; };
		AB29B9B22B6FD86500BB7119 /* Preview Assets.xcassets in Resources */ = {isa = PBXBuildFile; fileRef = AB29B9B12B6FD86500BB7119 /* Preview Assets.xcassets */; };
		AB6CDE862B833BD90084569B /* VideoModel.swift in Sources */ = {isa = PBXBuildFile; fileRef = AB6CDE852B833BD90084569B /* VideoModel.swift */; };
		AB6CDE8D2B833E7C0084569B /* URL Extension.swift in Sources */ = {isa = PBXBuildFile; fileRef = AB6CDE8C2B833E7C0084569B /* URL Extension.swift */; };
		ABA138712B833A0F00145C3F /* pexels-shalender-kumar-6575012 (2160p).mp4 in Resources */ = {isa = PBXBuildFile; fileRef = ABA1386B2B833A0E00145C3F /* pexels-shalender-kumar-6575012 (2160p).mp4 */; };
		ABA138722B833A0F00145C3F /* production_id_4872339 (1080p).mp4 in Resources */ = {isa = PBXBuildFile; fileRef = ABA1386C2B833A0E00145C3F /* production_id_4872339 (1080p).mp4 */; };
		ABA138732B833A0F00145C3F /* pexels_videos_1966695 (1080p).mp4 in Resources */ = {isa = PBXBuildFile; fileRef = ABA1386D2B833A0E00145C3F /* pexels_videos_1966695 (1080p).mp4 */; };
		ABA138742B833A0F00145C3F /* production_id_3833491 (1080p).mp4 in Resources */ = {isa = PBXBuildFile; fileRef = ABA1386E2B833A0F00145C3F /* production_id_3833491 (1080p).mp4 */; };
		ABA138752B833A0F00145C3F /* pexels-rodolfo-angulo-a-6247699 (1080p).mp4 in Resources */ = {isa = PBXBuildFile; fileRef = ABA1386F2B833A0F00145C3F /* pexels-rodolfo-angulo-a-6247699 (1080p).mp4 */; };
		ABA138762B833A0F00145C3F /* production_id_4713259 (1080p).mp4 in Resources */ = {isa = PBXBuildFile; fileRef = ABA138702B833A0F00145C3F /* production_id_4713259 (1080p).mp4 */; };
		ABA138782B833A2200145C3F /* Constants.swift in Sources */ = {isa = PBXBuildFile; fileRef = ABA138772B833A2200145C3F /* Constants.swift */; };
/* End PBXBuildFile section */

/* Begin PBXFileReference section */
		AB29B9A72B6FD86300BB7119 /* AutoPlayVideoList.app */ = {isa = PBXFileReference; explicitFileType = wrapper.application; includeInIndex = 0; path = AutoPlayVideoList.app; sourceTree = BUILT_PRODUCTS_DIR; };
		AB29B9AA2B6FD86300BB7119 /* AutoPlayVideoListApp.swift */ = {isa = PBXFileReference; lastKnownFileType = sourcecode.swift; path = AutoPlayVideoListApp.swift; sourceTree = "<group>"; };
		AB29B9AC2B6FD86300BB7119 /* ContentView.swift */ = {isa = PBXFileReference; lastKnownFileType = sourcecode.swift; path = ContentView.swift; sourceTree = "<group>"; };
		AB29B9AE2B6FD86500BB7119 /* Assets.xcassets */ = {isa = PBXFileReference; lastKnownFileType = folder.assetcatalog; path = Assets.xcassets; sourceTree = "<group>"; };
		AB29B9B12B6FD86500BB7119 /* Preview Assets.xcassets */ = {isa = PBXFileReference; lastKnownFileType = folder.assetcatalog; path = "Preview Assets.xcassets"; sourceTree = "<group>"; };
		AB6CDE852B833BD90084569B /* VideoModel.swift */ = {isa = PBXFileReference; lastKnownFileType = sourcecode.swift; path = VideoModel.swift; sourceTree = "<group>"; };
		AB6CDE8C2B833E7C0084569B /* URL Extension.swift */ = {isa = PBXFileReference; lastKnownFileType = sourcecode.swift; path = "URL Extension.swift"; sourceTree = "<group>"; };
		ABA1386B2B833A0E00145C3F /* pexels-shalender-kumar-6575012 (2160p).mp4 */ = {isa = PBXFileReference; lastKnownFileType = file; path = "pexels-shalender-kumar-6575012 (2160p).mp4"; sourceTree = "<group>"; };
		ABA1386C2B833A0E00145C3F /* production_id_4872339 (1080p).mp4 */ = {isa = PBXFileReference; lastKnownFileType = file; path = "production_id_4872339 (1080p).mp4"; sourceTree = "<group>"; };
		ABA1386D2B833A0E00145C3F /* pexels_videos_1966695 (1080p).mp4 */ = {isa = PBXFileReference; lastKnownFileType = file; path = "pexels_videos_1966695 (1080p).mp4"; sourceTree = "<group>"; };
		ABA1386E2B833A0F00145C3F /* production_id_3833491 (1080p).mp4 */ = {isa = PBXFileReference; lastKnownFileType = file; path = "production_id_3833491 (1080p).mp4"; sourceTree = "<group>"; };
		ABA1386F2B833A0F00145C3F /* pexels-rodolfo-angulo-a-6247699 (1080p).mp4 */ = {isa = PBXFileReference; lastKnownFileType = file; path = "pexels-rodolfo-angulo-a-6247699 (1080p).mp4"; sourceTree = "<group>"; };
		ABA138702B833A0F00145C3F /* production_id_4713259 (1080p).mp4 */ = {isa = PBXFileReference; lastKnownFileType = file; path = "production_id_4713259 (1080p).mp4"; sourceTree = "<group>"; };
		ABA138772B833A2200145C3F /* Constants.swift */ = {isa = PBXFileReference; lastKnownFileType = sourcecode.swift; path = Constants.swift; sourceTree = "<group>"; };
/* End PBXFileReference section */

/* Begin PBXFrameworksBuildPhase section */
		AB29B9A42B6FD86300BB7119 /* Frameworks */ = {
			isa = PBXFrameworksBuildPhase;
			buildActionMask = 2147483647;
			files = (
			);
			runOnlyForDeploymentPostprocessing = 0;
		};
/* End PBXFrameworksBuildPhase section */

/* Begin PBXGroup section */
		AB29B99E2B6FD86300BB7119 = {
			isa = PBXGroup;
			children = (
				AB29B9A92B6FD86300BB7119 /* AutoPlayVideoList */,
				AB29B9A82B6FD86300BB7119 /* Products */,
			);
			sourceTree = "<group>";
		};
		AB29B9A82B6FD86300BB7119 /* Products */ = {
			isa = PBXGroup;
			children = (
				AB29B9A72B6FD86300BB7119 /* AutoPlayVideoList.app */,
			);
			name = Products;
			sourceTree = "<group>";
		};
		AB29B9A92B6FD86300BB7119 /* AutoPlayVideoList */ = {
			isa = PBXGroup;
			children = (
				AB6CDE892B833E320084569B /* Supporting Classes */,
				AB6CDE842B833BD10084569B /* Model */,
				AB6CDE882B833C790084569B /* Views */,
				ABA1386A2B833A0100145C3F /* Videos */,
				AB29B9AE2B6FD86500BB7119 /* Assets.xcassets */,
				AB29B9B02B6FD86500BB7119 /* Preview Content */,
			);
			path = AutoPlayVideoList;
			sourceTree = "<group>";
		};
		AB29B9B02B6FD86500BB7119 /* Preview Content */ = {
			isa = PBXGroup;
			children = (
				AB29B9B12B6FD86500BB7119 /* Preview Assets.xcassets */,
			);
			path = "Preview Content";
			sourceTree = "<group>";
		};
		AB6CDE842B833BD10084569B /* Model */ = {
			isa = PBXGroup;
			children = (
				AB6CDE852B833BD90084569B /* VideoModel.swift */,
			);
			path = Model;
			sourceTree = "<group>";
		};
		AB6CDE872B833C6D0084569B /* Constants */ = {
			isa = PBXGroup;
			children = (
				ABA138772B833A2200145C3F /* Constants.swift */,
			);
			path = Constants;
			sourceTree = "<group>";
		};
		AB6CDE882B833C790084569B /* Views */ = {
			isa = PBXGroup;
			children = (
				AB29B9AA2B6FD86300BB7119 /* AutoPlayVideoListApp.swift */,
				AB29B9AC2B6FD86300BB7119 /* ContentView.swift */,
			);
			path = Views;
			sourceTree = "<group>";
		};
		AB6CDE892B833E320084569B /* Supporting Classes */ = {
			isa = PBXGroup;
			children = (
				AB6CDE872B833C6D0084569B /* Constants */,
				AB6CDE8C2B833E7C0084569B /* URL Extension.swift */,
			);
			path = "Supporting Classes";
			sourceTree = "<group>";
		};
		ABA1386A2B833A0100145C3F /* Videos */ = {
			isa = PBXGroup;
			children = (
				ABA1386D2B833A0E00145C3F /* pexels_videos_1966695 (1080p).mp4 */,
				ABA1386F2B833A0F00145C3F /* pexels-rodolfo-angulo-a-6247699 (1080p).mp4 */,
				ABA1386B2B833A0E00145C3F /* pexels-shalender-kumar-6575012 (2160p).mp4 */,
				ABA1386E2B833A0F00145C3F /* production_id_3833491 (1080p).mp4 */,
				ABA138702B833A0F00145C3F /* production_id_4713259 (1080p).mp4 */,
				ABA1386C2B833A0E00145C3F /* production_id_4872339 (1080p).mp4 */,
			);
			path = Videos;
			sourceTree = "<group>";
		};
/* End PBXGroup section */

/* Begin PBXNativeTarget section */
		AB29B9A62B6FD86300BB7119 /* AutoPlayVideoList */ = {
			isa = PBXNativeTarget;
			buildConfigurationList = AB29B9B52B6FD86500BB7119 /* Build configuration list for PBXNativeTarget "AutoPlayVideoList" */;
			buildPhases = (
				AB29B9A32B6FD86300BB7119 /* Sources */,
				AB29B9A42B6FD86300BB7119 /* Frameworks */,
				AB29B9A52B6FD86300BB7119 /* Resources */,
			);
			buildRules = (
			);
			dependencies = (
			);
			name = AutoPlayVideoList;
			productName = AutoPlayVideoList;
			productReference = AB29B9A72B6FD86300BB7119 /* AutoPlayVideoList.app */;
			productType = "com.apple.product-type.application";
		};
/* End PBXNativeTarget section */

/* Begin PBXProject section */
		AB29B99F2B6FD86300BB7119 /* Project object */ = {
			isa = PBXProject;
			attributes = {
				BuildIndependentTargetsInParallel = 1;
				LastSwiftUpdateCheck = 1520;
				LastUpgradeCheck = 1520;
				TargetAttributes = {
					AB29B9A62B6FD86300BB7119 = {
						CreatedOnToolsVersion = 15.2;
					};
				};
			};
			buildConfigurationList = AB29B9A22B6FD86300BB7119 /* Build configuration list for PBXProject "AutoPlayVideoList" */;
			compatibilityVersion = "Xcode 14.0";
			developmentRegion = en;
			hasScannedForEncodings = 0;
			knownRegions = (
				en,
				Base,
			);
			mainGroup = AB29B99E2B6FD86300BB7119;
			productRefGroup = AB29B9A82B6FD86300BB7119 /* Products */;
			projectDirPath = "";
			projectRoot = "";
			targets = (
				AB29B9A62B6FD86300BB7119 /* AutoPlayVideoList */,
			);
		};
/* End PBXProject section */

/* Begin PBXResourcesBuildPhase section */
		AB29B9A52B6FD86300BB7119 /* Resources */ = {
			isa = PBXResourcesBuildPhase;
			buildActionMask = 2147483647;
			files = (
				ABA138722B833A0F00145C3F /* production_id_4872339 (1080p).mp4 in Resources */,
				ABA138762B833A0F00145C3F /* production_id_4713259 (1080p).mp4 in Resources */,
				AB29B9B22B6FD86500BB7119 /* Preview Assets.xcassets in Resources */,
				AB29B9AF2B6FD86500BB7119 /* Assets.xcassets in Resources */,
				ABA138712B833A0F00145C3F /* pexels-shalender-kumar-6575012 (2160p).mp4 in Resources */,
				ABA138752B833A0F00145C3F /* pexels-rodolfo-angulo-a-6247699 (1080p).mp4 in Resources */,
				ABA138732B833A0F00145C3F /* pexels_videos_1966695 (1080p).mp4 in Resources */,
				ABA138742B833A0F00145C3F /* production_id_3833491 (1080p).mp4 in Resources */,
			);
			runOnlyForDeploymentPostprocessing = 0;
		};
/* End PBXResourcesBuildPhase section */

/* Begin PBXSourcesBuildPhase section */
		AB29B9A32B6FD86300BB7119 /* Sources */ = {
			isa = PBXSourcesBuildPhase;
			buildActionMask = 2147483647;
			files = (
				AB29B9AD2B6FD86300BB7119 /* ContentView.swift in Sources */,
				AB29B9AB2B6FD86300BB7119 /* AutoPlayVideoListApp.swift in Sources */,
				ABA138782B833A2200145C3F /* Constants.swift in Sources */,
				AB6CDE8D2B833E7C0084569B /* URL Extension.swift in Sources */,
				AB6CDE862B833BD90084569B /* VideoModel.swift in Sources */,
			);
			runOnlyForDeploymentPostprocessing = 0;
		};
/* End PBXSourcesBuildPhase section */

/* Begin XCBuildConfiguration section */
		AB29B9B32B6FD86500BB7119 /* Debug */ = {
			isa = XCBuildConfiguration;
			buildSettings = {
				ALWAYS_SEARCH_USER_PATHS = NO;
				ASSETCATALOG_COMPILER_GENERATE_SWIFT_ASSET_SYMBOL_EXTENSIONS = YES;
				CLANG_ANALYZER_NONNULL = YES;
				CLANG_ANALYZER_NUMBER_OBJECT_CONVERSION = YES_AGGRESSIVE;
				CLANG_CXX_LANGUAGE_STANDARD = "gnu++20";
				CLANG_ENABLE_MODULES = YES;
				CLANG_ENABLE_OBJC_ARC = YES;
				CLANG_ENABLE_OBJC_WEAK = YES;
				CLANG_WARN_BLOCK_CAPTURE_AUTORELEASING = YES;
				CLANG_WARN_BOOL_CONVERSION = YES;
				CLANG_WARN_COMMA = YES;
				CLANG_WARN_CONSTANT_CONVERSION = YES;
				CLANG_WARN_DEPRECATED_OBJC_IMPLEMENTATIONS = YES;
				CLANG_WARN_DIRECT_OBJC_ISA_USAGE = YES_ERROR;
				CLANG_WARN_DOCUMENTATION_COMMENTS = YES;
				CLANG_WARN_EMPTY_BODY = YES;
				CLANG_WARN_ENUM_CONVERSION = YES;
				CLANG_WARN_INFINITE_RECURSION = YES;
				CLANG_WARN_INT_CONVERSION = YES;
				CLANG_WARN_NON_LITERAL_NULL_CONVERSION = YES;
				CLANG_WARN_OBJC_IMPLICIT_RETAIN_SELF = YES;
				CLANG_WARN_OBJC_LITERAL_CONVERSION = YES;
				CLANG_WARN_OBJC_ROOT_CLASS = YES_ERROR;
				CLANG_WARN_QUOTED_INCLUDE_IN_FRAMEWORK_HEADER = YES;
				CLANG_WARN_RANGE_LOOP_ANALYSIS = YES;
				CLANG_WARN_STRICT_PROTOTYPES = YES;
				CLANG_WARN_SUSPICIOUS_MOVE = YES;
				CLANG_WARN_UNGUARDED_AVAILABILITY = YES_AGGRESSIVE;
				CLANG_WARN_UNREACHABLE_CODE = YES;
				CLANG_WARN__DUPLICATE_METHOD_MATCH = YES;
				COPY_PHASE_STRIP = NO;
				DEBUG_INFORMATION_FORMAT = dwarf;
				ENABLE_STRICT_OBJC_MSGSEND = YES;
				ENABLE_TESTABILITY = YES;
				ENABLE_USER_SCRIPT_SANDBOXING = YES;
				GCC_C_LANGUAGE_STANDARD = gnu17;
				GCC_DYNAMIC_NO_PIC = NO;
				GCC_NO_COMMON_BLOCKS = YES;
				GCC_OPTIMIZATION_LEVEL = 0;
				GCC_PREPROCESSOR_DEFINITIONS = (
					"DEBUG=1",
					"$(inherited)",
				);
				GCC_WARN_64_TO_32_BIT_CONVERSION = YES;
				GCC_WARN_ABOUT_RETURN_TYPE = YES_ERROR;
				GCC_WARN_UNDECLARED_SELECTOR = YES;
				GCC_WARN_UNINITIALIZED_AUTOS = YES_AGGRESSIVE;
				GCC_WARN_UNUSED_FUNCTION = YES;
				GCC_WARN_UNUSED_VARIABLE = YES;
				IPHONEOS_DEPLOYMENT_TARGET = 17.2;
				LOCALIZATION_PREFERS_STRING_CATALOGS = YES;
				MTL_ENABLE_DEBUG_INFO = INCLUDE_SOURCE;
				MTL_FAST_MATH = YES;
				ONLY_ACTIVE_ARCH = YES;
				SDKROOT = iphoneos;
				SWIFT_ACTIVE_COMPILATION_CONDITIONS = "DEBUG $(inherited)";
				SWIFT_OPTIMIZATION_LEVEL = "-Onone";
			};
			name = Debug;
		};
		AB29B9B42B6FD86500BB7119 /* Release */ = {
			isa = XCBuildConfiguration;
			buildSettings = {
				ALWAYS_SEARCH_USER_PATHS = NO;
				ASSETCATALOG_COMPILER_GENERATE_SWIFT_ASSET_SYMBOL_EXTENSIONS = YES;
				CLANG_ANALYZER_NONNULL = YES;
				CLANG_ANALYZER_NUMBER_OBJECT_CONVERSION = YES_AGGRESSIVE;
				CLANG_CXX_LANGUAGE_STANDARD = "gnu++20";
				CLANG_ENABLE_MODULES = YES;
				CLANG_ENABLE_OBJC_ARC = YES;
				CLANG_ENABLE_OBJC_WEAK = YES;
				CLANG_WARN_BLOCK_CAPTURE_AUTORELEASING = YES;
				CLANG_WARN_BOOL_CONVERSION = YES;
				CLANG_WARN_COMMA = YES;
				CLANG_WARN_CONSTANT_CONVERSION = YES;
				CLANG_WARN_DEPRECATED_OBJC_IMPLEMENTATIONS = YES;
				CLANG_WARN_DIRECT_OBJC_ISA_USAGE = YES_ERROR;
				CLANG_WARN_DOCUMENTATION_COMMENTS = YES;
				CLANG_WARN_EMPTY_BODY = YES;
				CLANG_WARN_ENUM_CONVERSION = YES;
				CLANG_WARN_INFINITE_RECURSION = YES;
				CLANG_WARN_INT_CONVERSION = YES;
				CLANG_WARN_NON_LITERAL_NULL_CONVERSION = YES;
				CLANG_WARN_OBJC_IMPLICIT_RETAIN_SELF = YES;
				CLANG_WARN_OBJC_LITERAL_CONVERSION = YES;
				CLANG_WARN_OBJC_ROOT_CLASS = YES_ERROR;
				CLANG_WARN_QUOTED_INCLUDE_IN_FRAMEWORK_HEADER = YES;
				CLANG_WARN_RANGE_LOOP_ANALYSIS = YES;
				CLANG_WARN_STRICT_PROTOTYPES = YES;
				CLANG_WARN_SUSPICIOUS_MOVE = YES;
				CLANG_WARN_UNGUARDED_AVAILABILITY = YES_AGGRESSIVE;
				CLANG_WARN_UNREACHABLE_CODE = YES;
				CLANG_WARN__DUPLICATE_METHOD_MATCH = YES;
				COPY_PHASE_STRIP = NO;
				DEBUG_INFORMATION_FORMAT = "dwarf-with-dsym";
				ENABLE_NS_ASSERTIONS = NO;
				ENABLE_STRICT_OBJC_MSGSEND = YES;
				ENABLE_USER_SCRIPT_SANDBOXING = YES;
				GCC_C_LANGUAGE_STANDARD = gnu17;
				GCC_NO_COMMON_BLOCKS = YES;
				GCC_WARN_64_TO_32_BIT_CONVERSION = YES;
				GCC_WARN_ABOUT_RETURN_TYPE = YES_ERROR;
				GCC_WARN_UNDECLARED_SELECTOR = YES;
				GCC_WARN_UNINITIALIZED_AUTOS = YES_AGGRESSIVE;
				GCC_WARN_UNUSED_FUNCTION = YES;
				GCC_WARN_UNUSED_VARIABLE = YES;
				IPHONEOS_DEPLOYMENT_TARGET = 17.2;
				LOCALIZATION_PREFERS_STRING_CATALOGS = YES;
				MTL_ENABLE_DEBUG_INFO = NO;
				MTL_FAST_MATH = YES;
				SDKROOT = iphoneos;
				SWIFT_COMPILATION_MODE = wholemodule;
				VALIDATE_PRODUCT = YES;
			};
			name = Release;
		};
		AB29B9B62B6FD86500BB7119 /* Debug */ = {
			isa = XCBuildConfiguration;
			buildSettings = {
				ASSETCATALOG_COMPILER_APPICON_NAME = AppIcon;
				ASSETCATALOG_COMPILER_GLOBAL_ACCENT_COLOR_NAME = AccentColor;
				CODE_SIGN_STYLE = Automatic;
				CURRENT_PROJECT_VERSION = 1;
				DEVELOPMENT_ASSET_PATHS = "\"AutoPlayVideoList/Preview Content\"";
				ENABLE_PREVIEWS = YES;
				GENERATE_INFOPLIST_FILE = YES;
				INFOPLIST_KEY_UIApplicationSceneManifest_Generation = YES;
				INFOPLIST_KEY_UIApplicationSupportsIndirectInputEvents = YES;
				INFOPLIST_KEY_UILaunchScreen_Generation = YES;
				INFOPLIST_KEY_UISupportedInterfaceOrientations_iPad = "UIInterfaceOrientationPortrait UIInterfaceOrientationPortraitUpsideDown UIInterfaceOrientationLandscapeLeft UIInterfaceOrientationLandscapeRight";
				INFOPLIST_KEY_UISupportedInterfaceOrientations_iPhone = "UIInterfaceOrientationPortrait UIInterfaceOrientationLandscapeLeft UIInterfaceOrientationLandscapeRight";
				LD_RUNPATH_SEARCH_PATHS = (
					"$(inherited)",
					"@executable_path/Frameworks",
				);
				MARKETING_VERSION = 1.0;
				PRODUCT_BUNDLE_IDENTIFIER = hamza.AutoPlayVideoList;
				PRODUCT_NAME = "$(TARGET_NAME)";
				SWIFT_EMIT_LOC_STRINGS = YES;
				SWIFT_VERSION = 5.0;
				TARGETED_DEVICE_FAMILY = "1,2";
			};
			name = Debug;
		};
		AB29B9B72B6FD86500BB7119 /* Release */ = {
			isa = XCBuildConfiguration;
			buildSettings = {
				ASSETCATALOG_COMPILER_APPICON_NAME = AppIcon;
				ASSETCATALOG_COMPILER_GLOBAL_ACCENT_COLOR_NAME = AccentColor;
				CODE_SIGN_STYLE = Automatic;
				CURRENT_PROJECT_VERSION = 1;
				DEVELOPMENT_ASSET_PATHS = "\"AutoPlayVideoList/Preview Content\"";
				ENABLE_PREVIEWS = YES;
				GENERATE_INFOPLIST_FILE = YES;
				INFOPLIST_KEY_UIApplicationSceneManifest_Generation = YES;
				INFOPLIST_KEY_UIApplicationSupportsIndirectInputEvents = YES;
				INFOPLIST_KEY_UILaunchScreen_Generation = YES;
				INFOPLIST_KEY_UISupportedInterfaceOrientations_iPad = "UIInterfaceOrientationPortrait UIInterfaceOrientationPortraitUpsideDown UIInterfaceOrientationLandscapeLeft UIInterfaceOrientationLandscapeRight";
				INFOPLIST_KEY_UISupportedInterfaceOrientations_iPhone = "UIInterfaceOrientationPortrait UIInterfaceOrientationLandscapeLeft UIInterfaceOrientationLandscapeRight";
				LD_RUNPATH_SEARCH_PATHS = (
					"$(inherited)",
					"@executable_path/Frameworks",
				);
				MARKETING_VERSION = 1.0;
				PRODUCT_BUNDLE_IDENTIFIER = hamza.AutoPlayVideoList;
				PRODUCT_NAME = "$(TARGET_NAME)";
				SWIFT_EMIT_LOC_STRINGS = YES;
				SWIFT_VERSION = 5.0;
				TARGETED_DEVICE_FAMILY = "1,2";
			};
			name = Release;
		};
/* End XCBuildConfiguration section */

/* Begin XCConfigurationList section */
		AB29B9A22B6FD86300BB7119 /* Build configuration list for PBXProject "AutoPlayVideoList" */ = {
			isa = XCConfigurationList;
			buildConfigurations = (
				AB29B9B32B6FD86500BB7119 /* Debug */,
				AB29B9B42B6FD86500BB7119 /* Release */,
			);
			defaultConfigurationIsVisible = 0;
			defaultConfigurationName = Release;
		};
		AB29B9B52B6FD86500BB7119 /* Build configuration list for PBXNativeTarget "AutoPlayVideoList" */ = {
			isa = XCConfigurationList;
			buildConfigurations = (
				AB29B9B62B6FD86500BB7119 /* Debug */,
				AB29B9B72B6FD86500BB7119 /* Release */,
			);
			defaultConfigurationIsVisible = 0;
			defaultConfigurationName = Release;
		};
/* End XCConfigurationList section */
	};
	rootObject = AB29B99F2B6FD86300BB7119 /* Project object */;
}
